
Microsoft Visual Studio Solution File, Format Version 12.00
# Visual Studio 15
VisualStudioVersion = 15.0.27330.1
MinimumVisualStudioVersion = 10.0.40219.1
Project("{FAE04EC0-301F-11D3-BF4B-00C04F79EFBC}") = "ConsoleApp1", "ConsoleApp1\ConsoleApp1.csproj", "{7C504532-97A7-4673-869B-29AEA3182994}"
EndProject
Global
	GlobalSection(SolutionConfigurationPlatforms) = preSolution
		Debug|Any CPU = Debug|Any CPU
		Release|Any CPU = Release|Any CPU
	EndGlobalSection
	GlobalSection(ProjectConfigurationPlatforms) = postSolution
		{7C504532-97A7-4673-869B-29AEA3182994}.Debug|Any CPU.ActiveCfg = Debug|Any CPU
		{7C504532-97A7-4673-869B-29AEA3182994}.Debug|Any CPU.Build.0 = Debug|Any CPU
		{7C504532-97A7-4673-869B-29AEA3182994}.Release|Any CPU.ActiveCfg = Release|Any CPU
		{7C504532-97A7-4673-869B-29AEA3182994}.Release|Any CPU.Build.0 = Release|Any CPU
	EndGlobalSection
	GlobalSection(SolutionProperties) = preSolution
		HideSolutionNode = FALSE
	EndGlobalSection
	GlobalSection(ExtensibilityGlobals) = postSolution
		SolutionGuid = {90EA3C46-1F36-4A58-A69D-219A99E9C703}
	EndGlobalSection
EndGlobal
